// !$*UTF8*$!
{
	archiveVersion = 1;
	classes = {
	};
	objectVersion = 56;
	objects = {

/* Begin PBXBuildFile section */
		DF0FE1182A810C6400174E70 /* DetectionResponse.swift in Sources */ = {isa = PBXBuildFile; fileRef = DF0FE1172A810C6400174E70 /* DetectionResponse.swift */; };
		DF0FE11A2A810C7F00174E70 /* DetectionViewModel.swift in Sources */ = {isa = PBXBuildFile; fileRef = DF0FE1192A810C7F00174E70 /* DetectionViewModel.swift */; };
		DF0FE11C2A810C9C00174E70 /* DetectionService.swift in Sources */ = {isa = PBXBuildFile; fileRef = DF0FE11B2A810C9C00174E70 /* DetectionService.swift */; };
		DF954B9F2A7E857B001EA15F /* TranslationViewModel.swift in Sources */ = {isa = PBXBuildFile; fileRef = DF954B9E2A7E857B001EA15F /* TranslationViewModel.swift */; };
		DF954BA32A7E861D001EA15F /* TranslationService.swift in Sources */ = {isa = PBXBuildFile; fileRef = DF954BA22A7E861D001EA15F /* TranslationService.swift */; };
		DF954BA52A7E8753001EA15F /* TranslationResponse.swift in Sources */ = {isa = PBXBuildFile; fileRef = DF954BA42A7E8753001EA15F /* TranslationResponse.swift */; };
		DFB0939C2A79338A008915C0 /* AppDelegate.swift in Sources */ = {isa = PBXBuildFile; fileRef = DFB0939B2A79338A008915C0 /* AppDelegate.swift */; };
		DFB0939E2A79338A008915C0 /* SceneDelegate.swift in Sources */ = {isa = PBXBuildFile; fileRef = DFB0939D2A79338A008915C0 /* SceneDelegate.swift */; };
		DFB093A02A79338A008915C0 /* ViewController.swift in Sources */ = {isa = PBXBuildFile; fileRef = DFB0939F2A79338A008915C0 /* ViewController.swift */; };
		DFB093A32A79338A008915C0 /* Main.storyboard in Resources */ = {isa = PBXBuildFile; fileRef = DFB093A12A79338A008915C0 /* Main.storyboard */; };
		DFB093A82A79338B008915C0 /* Assets.xcassets in Resources */ = {isa = PBXBuildFile; fileRef = DFB093A72A79338B008915C0 /* Assets.xcassets */; };
		DFB093AB2A79338B008915C0 /* LaunchScreen.storyboard in Resources */ = {isa = PBXBuildFile; fileRef = DFB093A92A79338B008915C0 /* LaunchScreen.storyboard */; };
		DFB093BB2A7A7C83008915C0 /* TranslationViewController.swift in Sources */ = {isa = PBXBuildFile; fileRef = DFB093BA2A7A7C83008915C0 /* TranslationViewController.swift */; };
		DFB093BD2A7A8125008915C0 /* LanguageModel.swift in Sources */ = {isa = PBXBuildFile; fileRef = DFB093BC2A7A8125008915C0 /* LanguageModel.swift */; };
		DFB093BF2A7A8186008915C0 /* LanguageViewModel.swift in Sources */ = {isa = PBXBuildFile; fileRef = DFB093BE2A7A8186008915C0 /* LanguageViewModel.swift */; };
		DFB093C22A7A81B7008915C0 /* LanguageService.swift in Sources */ = {isa = PBXBuildFile; fileRef = DFB093C12A7A81B7008915C0 /* LanguageService.swift */; };
/* End PBXBuildFile section */

/* Begin PBXFileReference section */
		DF0FE1172A810C6400174E70 /* DetectionResponse.swift */ = {isa = PBXFileReference; lastKnownFileType = sourcecode.swift; path = DetectionResponse.swift; sourceTree = "<group>"; };
		DF0FE1192A810C7F00174E70 /* DetectionViewModel.swift */ = {isa = PBXFileReference; lastKnownFileType = sourcecode.swift; path = DetectionViewModel.swift; sourceTree = "<group>"; };
		DF0FE11B2A810C9C00174E70 /* DetectionService.swift */ = {isa = PBXFileReference; lastKnownFileType = sourcecode.swift; path = DetectionService.swift; sourceTree = "<group>"; };
		DF954B9E2A7E857B001EA15F /* TranslationViewModel.swift */ = {isa = PBXFileReference; lastKnownFileType = sourcecode.swift; path = TranslationViewModel.swift; sourceTree = "<group>"; };
		DF954BA22A7E861D001EA15F /* TranslationService.swift */ = {isa = PBXFileReference; lastKnownFileType = sourcecode.swift; path = TranslationService.swift; sourceTree = "<group>"; };
		DF954BA42A7E8753001EA15F /* TranslationResponse.swift */ = {isa = PBXFileReference; lastKnownFileType = sourcecode.swift; path = TranslationResponse.swift; sourceTree = "<group>"; };
		DFB093982A79338A008915C0 /* TranslateApp.app */ = {isa = PBXFileReference; explicitFileType = wrapper.application; includeInIndex = 0; path = TranslateApp.app; sourceTree = BUILT_PRODUCTS_DIR; };
		DFB0939B2A79338A008915C0 /* AppDelegate.swift */ = {isa = PBXFileReference; lastKnownFileType = sourcecode.swift; path = AppDelegate.swift; sourceTree = "<group>"; };
		DFB0939D2A79338A008915C0 /* SceneDelegate.swift */ = {isa = PBXFileReference; lastKnownFileType = sourcecode.swift; path = SceneDelegate.swift; sourceTree = "<group>"; };
		DFB0939F2A79338A008915C0 /* ViewController.swift */ = {isa = PBXFileReference; lastKnownFileType = sourcecode.swift; path = ViewController.swift; sourceTree = "<group>"; };
		DFB093A22A79338A008915C0 /* Base */ = {isa = PBXFileReference; lastKnownFileType = file.storyboard; name = Base; path = Base.lproj/Main.storyboard; sourceTree = "<group>"; };
		DFB093A72A79338B008915C0 /* Assets.xcassets */ = {isa = PBXFileReference; lastKnownFileType = folder.assetcatalog; path = Assets.xcassets; sourceTree = "<group>"; };
		DFB093AA2A79338B008915C0 /* Base */ = {isa = PBXFileReference; lastKnownFileType = file.storyboard; name = Base; path = Base.lproj/LaunchScreen.storyboard; sourceTree = "<group>"; };
		DFB093AC2A79338B008915C0 /* Info.plist */ = {isa = PBXFileReference; lastKnownFileType = text.plist.xml; path = Info.plist; sourceTree = "<group>"; };
		DFB093BA2A7A7C83008915C0 /* TranslationViewController.swift */ = {isa = PBXFileReference; lastKnownFileType = sourcecode.swift; path = TranslationViewController.swift; sourceTree = "<group>"; };
		DFB093BC2A7A8125008915C0 /* LanguageModel.swift */ = {isa = PBXFileReference; lastKnownFileType = sourcecode.swift; path = LanguageModel.swift; sourceTree = "<group>"; };
		DFB093BE2A7A8186008915C0 /* LanguageViewModel.swift */ = {isa = PBXFileReference; lastKnownFileType = sourcecode.swift; path = LanguageViewModel.swift; sourceTree = "<group>"; };
		DFB093C12A7A81B7008915C0 /* LanguageService.swift */ = {isa = PBXFileReference; lastKnownFileType = sourcecode.swift; path = LanguageService.swift; sourceTree = "<group>"; };
/* End PBXFileReference section */

/* Begin PBXFrameworksBuildPhase section */
		DFB093952A79338A008915C0 /* Frameworks */ = {
			isa = PBXFrameworksBuildPhase;
			buildActionMask = 2147483647;
			files = (
			);
			runOnlyForDeploymentPostprocessing = 0;
		};
/* End PBXFrameworksBuildPhase section */

/* Begin PBXGroup section */
		DFB0938F2A79338A008915C0 = {
			isa = PBXGroup;
			children = (
				DFB0939A2A79338A008915C0 /* TranslateApp */,
				DFB093992A79338A008915C0 /* Products */,
			);
			sourceTree = "<group>";
		};
		DFB093992A79338A008915C0 /* Products */ = {
			isa = PBXGroup;
			children = (
				DFB093982A79338A008915C0 /* TranslateApp.app */,
			);
			name = Products;
			sourceTree = "<group>";
		};
		DFB0939A2A79338A008915C0 /* TranslateApp */ = {
			isa = PBXGroup;
			children = (
				DFB093B52A79340E008915C0 /* Splash */,
				DFB093B42A793407008915C0 /* Model */,
				DFB093C02A7A819A008915C0 /* Services */,
				DFB093B32A793400008915C0 /* ViewModel */,
				DFB093B22A7933EE008915C0 /* View */,
				DFB0939B2A79338A008915C0 /* AppDelegate.swift */,
				DFB0939D2A79338A008915C0 /* SceneDelegate.swift */,
				DFB093A12A79338A008915C0 /* Main.storyboard */,
				DFB093A72A79338B008915C0 /* Assets.xcassets */,
				DFB093A92A79338B008915C0 /* LaunchScreen.storyboard */,
				DFB093AC2A79338B008915C0 /* Info.plist */,
			);
			path = TranslateApp;
			sourceTree = "<group>";
		};
		DFB093B22A7933EE008915C0 /* View */ = {
			isa = PBXGroup;
			children = (
				DFB093BA2A7A7C83008915C0 /* TranslationViewController.swift */,
			);
			path = View;
			sourceTree = "<group>";
		};
		DFB093B32A793400008915C0 /* ViewModel */ = {
			isa = PBXGroup;
			children = (
				DFB093BE2A7A8186008915C0 /* LanguageViewModel.swift */,
				DF954B9E2A7E857B001EA15F /* TranslationViewModel.swift */,
				DF0FE1192A810C7F00174E70 /* DetectionViewModel.swift */,
			);
			path = ViewModel;
			sourceTree = "<group>";
		};
		DFB093B42A793407008915C0 /* Model */ = {
			isa = PBXGroup;
			children = (
				DFB093BC2A7A8125008915C0 /* LanguageModel.swift */,
				DF954BA42A7E8753001EA15F /* TranslationResponse.swift */,
				DF0FE1172A810C6400174E70 /* DetectionResponse.swift */,
			);
			path = Model;
			sourceTree = "<group>";
		};
		DFB093B52A79340E008915C0 /* Splash */ = {
			isa = PBXGroup;
			children = (
				DFB0939F2A79338A008915C0 /* ViewController.swift */,
			);
			path = Splash;
			sourceTree = "<group>";
		};
		DFB093C02A7A819A008915C0 /* Services */ = {
			isa = PBXGroup;
			children = (
				DFB093C12A7A81B7008915C0 /* LanguageService.swift */,
				DF954BA22A7E861D001EA15F /* TranslationService.swift */,
				DF0FE11B2A810C9C00174E70 /* DetectionService.swift */,
			);
			path = Services;
			sourceTree = "<group>";
		};
/* End PBXGroup section */

/* Begin PBXNativeTarget section */
		DFB093972A79338A008915C0 /* TranslateApp */ = {
			isa = PBXNativeTarget;
			buildConfigurationList = DFB093AF2A79338B008915C0 /* Build configuration list for PBXNativeTarget "TranslateApp" */;
			buildPhases = (
				DFB093942A79338A008915C0 /* Sources */,
				DFB093952A79338A008915C0 /* Frameworks */,
				DFB093962A79338A008915C0 /* Resources */,
			);
			buildRules = (
			);
			dependencies = (
			);
			name = TranslateApp;
			productName = TranslateApp;
			productReference = DFB093982A79338A008915C0 /* TranslateApp.app */;
			productType = "com.apple.product-type.application";
		};
/* End PBXNativeTarget section */

/* Begin PBXProject section */
		DFB093902A79338A008915C0 /* Project object */ = {
			isa = PBXProject;
			attributes = {
				BuildIndependentTargetsInParallel = 1;
				LastSwiftUpdateCheck = 1430;
				LastUpgradeCheck = 1430;
				TargetAttributes = {
					DFB093972A79338A008915C0 = {
						CreatedOnToolsVersion = 14.3.1;
					};
				};
			};
			buildConfigurationList = DFB093932A79338A008915C0 /* Build configuration list for PBXProject "TranslateApp" */;
			compatibilityVersion = "Xcode 14.0";
			developmentRegion = en;
			hasScannedForEncodings = 0;
			knownRegions = (
				en,
				Base,
			);
			mainGroup = DFB0938F2A79338A008915C0;
			productRefGroup = DFB093992A79338A008915C0 /* Products */;
			projectDirPath = "";
			projectRoot = "";
			targets = (
				DFB093972A79338A008915C0 /* TranslateApp */,
			);
		};
/* End PBXProject section */

/* Begin PBXResourcesBuildPhase section */
		DFB093962A79338A008915C0 /* Resources */ = {
			isa = PBXResourcesBuildPhase;
			buildActionMask = 2147483647;
			files = (
				DFB093AB2A79338B008915C0 /* LaunchScreen.storyboard in Resources */,
				DFB093A82A79338B008915C0 /* Assets.xcassets in Resources */,
				DFB093A32A79338A008915C0 /* Main.storyboard in Resources */,
			);
			runOnlyForDeploymentPostprocessing = 0;
		};
/* End PBXResourcesBuildPhase section */

/* Begin PBXSourcesBuildPhase section */
		DFB093942A79338A008915C0 /* Sources */ = {
			isa = PBXSourcesBuildPhase;
			buildActionMask = 2147483647;
			files = (
				DF954BA32A7E861D001EA15F /* TranslationService.swift in Sources */,
				DF954B9F2A7E857B001EA15F /* TranslationViewModel.swift in Sources */,
				DF0FE11A2A810C7F00174E70 /* DetectionViewModel.swift in Sources */,
				DFB093BD2A7A8125008915C0 /* LanguageModel.swift in Sources */,
				DF0FE1182A810C6400174E70 /* DetectionResponse.swift in Sources */,
				DFB093BF2A7A8186008915C0 /* LanguageViewModel.swift in Sources */,
				DFB093BB2A7A7C83008915C0 /* TranslationViewController.swift in Sources */,
				DF0FE11C2A810C9C00174E70 /* DetectionService.swift in Sources */,
				DFB093A02A79338A008915C0 /* ViewController.swift in Sources */,
				DFB093C22A7A81B7008915C0 /* LanguageService.swift in Sources */,
				DFB0939C2A79338A008915C0 /* AppDelegate.swift in Sources */,
				DFB0939E2A79338A008915C0 /* SceneDelegate.swift in Sources */,
				DF954BA52A7E8753001EA15F /* TranslationResponse.swift in Sources */,
			);
			runOnlyForDeploymentPostprocessing = 0;
		};
/* End PBXSourcesBuildPhase section */

/* Begin PBXVariantGroup section */
		DFB093A12A79338A008915C0 /* Main.storyboard */ = {
			isa = PBXVariantGroup;
			children = (
				DFB093A22A79338A008915C0 /* Base */,
			);
			name = Main.storyboard;
			sourceTree = "<group>";
		};
		DFB093A92A79338B008915C0 /* LaunchScreen.storyboard */ = {
			isa = PBXVariantGroup;
			children = (
				DFB093AA2A79338B008915C0 /* Base */,
			);
			name = LaunchScreen.storyboard;
			sourceTree = "<group>";
		};
/* End PBXVariantGroup section */

/* Begin XCBuildConfiguration section */
		DFB093AD2A79338B008915C0 /* Debug */ = {
			isa = XCBuildConfiguration;
			buildSettings = {
				ALWAYS_SEARCH_USER_PATHS = NO;
				CLANG_ANALYZER_NONNULL = YES;
				CLANG_ANALYZER_NUMBER_OBJECT_CONVERSION = YES_AGGRESSIVE;
				CLANG_CXX_LANGUAGE_STANDARD = "gnu++20";
				CLANG_ENABLE_MODULES = YES;
				CLANG_ENABLE_OBJC_ARC = YES;
				CLANG_ENABLE_OBJC_WEAK = YES;
				CLANG_WARN_BLOCK_CAPTURE_AUTORELEASING = YES;
				CLANG_WARN_BOOL_CONVERSION = YES;
				CLANG_WARN_COMMA = YES;
				CLANG_WARN_CONSTANT_CONVERSION = YES;
				CLANG_WARN_DEPRECATED_OBJC_IMPLEMENTATIONS = YES;
				CLANG_WARN_DIRECT_OBJC_ISA_USAGE = YES_ERROR;
				CLANG_WARN_DOCUMENTATION_COMMENTS = YES;
				CLANG_WARN_EMPTY_BODY = YES;
				CLANG_WARN_ENUM_CONVERSION = YES;
				CLANG_WARN_INFINITE_RECURSION = YES;
				CLANG_WARN_INT_CONVERSION = YES;
				CLANG_WARN_NON_LITERAL_NULL_CONVERSION = YES;
				CLANG_WARN_OBJC_IMPLICIT_RETAIN_SELF = YES;
				CLANG_WARN_OBJC_LITERAL_CONVERSION = YES;
				CLANG_WARN_OBJC_ROOT_CLASS = YES_ERROR;
				CLANG_WARN_QUOTED_INCLUDE_IN_FRAMEWORK_HEADER = YES;
				CLANG_WARN_RANGE_LOOP_ANALYSIS = YES;
				CLANG_WARN_STRICT_PROTOTYPES = YES;
				CLANG_WARN_SUSPICIOUS_MOVE = YES;
				CLANG_WARN_UNGUARDED_AVAILABILITY = YES_AGGRESSIVE;
				CLANG_WARN_UNREACHABLE_CODE = YES;
				CLANG_WARN__DUPLICATE_METHOD_MATCH = YES;
				COPY_PHASE_STRIP = NO;
				DEBUG_INFORMATION_FORMAT = dwarf;
				ENABLE_STRICT_OBJC_MSGSEND = YES;
				ENABLE_TESTABILITY = YES;
				GCC_C_LANGUAGE_STANDARD = gnu11;
				GCC_DYNAMIC_NO_PIC = NO;
				GCC_NO_COMMON_BLOCKS = YES;
				GCC_OPTIMIZATION_LEVEL = 0;
				GCC_PREPROCESSOR_DEFINITIONS = (
					"DEBUG=1",
					"$(inherited)",
				);
				GCC_WARN_64_TO_32_BIT_CONVERSION = YES;
				GCC_WARN_ABOUT_RETURN_TYPE = YES_ERROR;
				GCC_WARN_UNDECLARED_SELECTOR = YES;
				GCC_WARN_UNINITIALIZED_AUTOS = YES_AGGRESSIVE;
				GCC_WARN_UNUSED_FUNCTION = YES;
				GCC_WARN_UNUSED_VARIABLE = YES;
				IPHONEOS_DEPLOYMENT_TARGET = 16.4;
				MTL_ENABLE_DEBUG_INFO = INCLUDE_SOURCE;
				MTL_FAST_MATH = YES;
				ONLY_ACTIVE_ARCH = YES;
				SDKROOT = iphoneos;
				SWIFT_ACTIVE_COMPILATION_CONDITIONS = DEBUG;
				SWIFT_OPTIMIZATION_LEVEL = "-Onone";
			};
			name = Debug;
		};
		DFB093AE2A79338B008915C0 /* Release */ = {
			isa = XCBuildConfiguration;
			buildSettings = {
				ALWAYS_SEARCH_USER_PATHS = NO;
				CLANG_ANALYZER_NONNULL = YES;
				CLANG_ANALYZER_NUMBER_OBJECT_CONVERSION = YES_AGGRESSIVE;
				CLANG_CXX_LANGUAGE_STANDARD = "gnu++20";
				CLANG_ENABLE_MODULES = YES;
				CLANG_ENABLE_OBJC_ARC = YES;
				CLANG_ENABLE_OBJC_WEAK = YES;
				CLANG_WARN_BLOCK_CAPTURE_AUTORELEASING = YES;
				CLANG_WARN_BOOL_CONVERSION = YES;
				CLANG_WARN_COMMA = YES;
				CLANG_WARN_CONSTANT_CONVERSION = YES;
				CLANG_WARN_DEPRECATED_OBJC_IMPLEMENTATIONS = YES;
				CLANG_WARN_DIRECT_OBJC_ISA_USAGE = YES_ERROR;
				CLANG_WARN_DOCUMENTATION_COMMENTS = YES;
				CLANG_WARN_EMPTY_BODY = YES;
				CLANG_WARN_ENUM_CONVERSION = YES;
				CLANG_WARN_INFINITE_RECURSION = YES;
				CLANG_WARN_INT_CONVERSION = YES;
				CLANG_WARN_NON_LITERAL_NULL_CONVERSION = YES;
				CLANG_WARN_OBJC_IMPLICIT_RETAIN_SELF = YES;
				CLANG_WARN_OBJC_LITERAL_CONVERSION = YES;
				CLANG_WARN_OBJC_ROOT_CLASS = YES_ERROR;
				CLANG_WARN_QUOTED_INCLUDE_IN_FRAMEWORK_HEADER = YES;
				CLANG_WARN_RANGE_LOOP_ANALYSIS = YES;
				CLANG_WARN_STRICT_PROTOTYPES = YES;
				CLANG_WARN_SUSPICIOUS_MOVE = YES;
				CLANG_WARN_UNGUARDED_AVAILABILITY = YES_AGGRESSIVE;
				CLANG_WARN_UNREACHABLE_CODE = YES;
				CLANG_WARN__DUPLICATE_METHOD_MATCH = YES;
				COPY_PHASE_STRIP = NO;
				DEBUG_INFORMATION_FORMAT = "dwarf-with-dsym";
				ENABLE_NS_ASSERTIONS = NO;
				ENABLE_STRICT_OBJC_MSGSEND = YES;
				GCC_C_LANGUAGE_STANDARD = gnu11;
				GCC_NO_COMMON_BLOCKS = YES;
				GCC_WARN_64_TO_32_BIT_CONVERSION = YES;
				GCC_WARN_ABOUT_RETURN_TYPE = YES_ERROR;
				GCC_WARN_UNDECLARED_SELECTOR = YES;
				GCC_WARN_UNINITIALIZED_AUTOS = YES_AGGRESSIVE;
				GCC_WARN_UNUSED_FUNCTION = YES;
				GCC_WARN_UNUSED_VARIABLE = YES;
				IPHONEOS_DEPLOYMENT_TARGET = 16.4;
				MTL_ENABLE_DEBUG_INFO = NO;
				MTL_FAST_MATH = YES;
				SDKROOT = iphoneos;
				SWIFT_COMPILATION_MODE = wholemodule;
				SWIFT_OPTIMIZATION_LEVEL = "-O";
				VALIDATE_PRODUCT = YES;
			};
			name = Release;
		};
		DFB093B02A79338B008915C0 /* Debug */ = {
			isa = XCBuildConfiguration;
			buildSettings = {
				ASSETCATALOG_COMPILER_APPICON_NAME = AppIcon;
				ASSETCATALOG_COMPILER_GLOBAL_ACCENT_COLOR_NAME = AccentColor;
				CODE_SIGN_STYLE = Automatic;
				CURRENT_PROJECT_VERSION = 1;
				DEVELOPMENT_TEAM = TKNL87497B;
				GENERATE_INFOPLIST_FILE = YES;
				INFOPLIST_FILE = TranslateApp/Info.plist;
				INFOPLIST_KEY_UIApplicationSupportsIndirectInputEvents = YES;
				INFOPLIST_KEY_UILaunchStoryboardName = LaunchScreen;
				INFOPLIST_KEY_UIMainStoryboardFile = Main;
				INFOPLIST_KEY_UISupportedInterfaceOrientations_iPad = "UIInterfaceOrientationPortrait UIInterfaceOrientationPortraitUpsideDown UIInterfaceOrientationLandscapeLeft UIInterfaceOrientationLandscapeRight";
				INFOPLIST_KEY_UISupportedInterfaceOrientations_iPhone = "UIInterfaceOrientationPortrait UIInterfaceOrientationLandscapeLeft UIInterfaceOrientationLandscapeRight";
				LD_RUNPATH_SEARCH_PATHS = (
					"$(inherited)",
					"@executable_path/Frameworks",
				);
				MARKETING_VERSION = 1.0;
				PRODUCT_BUNDLE_IDENTIFIER = com.guko.TranslateApp;
				PRODUCT_NAME = "$(TARGET_NAME)";
				SWIFT_EMIT_LOC_STRINGS = YES;
				SWIFT_VERSION = 5.0;
				TARGETED_DEVICE_FAMILY = "1,2";
			};
			name = Debug;
		};
		DFB093B12A79338B008915C0 /* Release */ = {
			isa = XCBuildConfiguration;
			buildSettings = {
				ASSETCATALOG_COMPILER_APPICON_NAME = AppIcon;
				ASSETCATALOG_COMPILER_GLOBAL_ACCENT_COLOR_NAME = AccentColor;
				CODE_SIGN_STYLE = Automatic;
				CURRENT_PROJECT_VERSION = 1;
				DEVELOPMENT_TEAM = TKNL87497B;
				GENERATE_INFOPLIST_FILE = YES;
				INFOPLIST_FILE = TranslateApp/Info.plist;
				INFOPLIST_KEY_UIApplicationSupportsIndirectInputEvents = YES;
				INFOPLIST_KEY_UILaunchStoryboardName = LaunchScreen;
				INFOPLIST_KEY_UIMainStoryboardFile = Main;
				INFOPLIST_KEY_UISupportedInterfaceOrientations_iPad = "UIInterfaceOrientationPortrait UIInterfaceOrientationPortraitUpsideDown UIInterfaceOrientationLandscapeLeft UIInterfaceOrientationLandscapeRight";
				INFOPLIST_KEY_UISupportedInterfaceOrientations_iPhone = "UIInterfaceOrientationPortrait UIInterfaceOrientationLandscapeLeft UIInterfaceOrientationLandscapeRight";
				LD_RUNPATH_SEARCH_PATHS = (
					"$(inherited)",
					"@executable_path/Frameworks",
				);
				MARKETING_VERSION = 1.0;
				PRODUCT_BUNDLE_IDENTIFIER = com.guko.TranslateApp;
				PRODUCT_NAME = "$(TARGET_NAME)";
				SWIFT_EMIT_LOC_STRINGS = YES;
				SWIFT_VERSION = 5.0;
				TARGETED_DEVICE_FAMILY = "1,2";
			};
			name = Release;
		};
/* End XCBuildConfiguration section */

/* Begin XCConfigurationList section */
		DFB093932A79338A008915C0 /* Build configuration list for PBXProject "TranslateApp" */ = {
			isa = XCConfigurationList;
			buildConfigurations = (
				DFB093AD2A79338B008915C0 /* Debug */,
				DFB093AE2A79338B008915C0 /* Release */,
			);
			defaultConfigurationIsVisible = 0;
			defaultConfigurationName = Release;
		};
		DFB093AF2A79338B008915C0 /* Build configuration list for PBXNativeTarget "TranslateApp" */ = {
			isa = XCConfigurationList;
			buildConfigurations = (
				DFB093B02A79338B008915C0 /* Debug */,
				DFB093B12A79338B008915C0 /* Release */,
			);
			defaultConfigurationIsVisible = 0;
			defaultConfigurationName = Release;
		};
/* End XCConfigurationList section */
	};
	rootObject = DFB093902A79338A008915C0 /* Project object */;
}
